
Microsoft Visual Studio Solution File, Format Version 12.00
# Visual Studio Version 17
VisualStudioVersion = 17.4.33205.214
MinimumVisualStudioVersion = 10.0.40219.1
Project("{FAE04EC0-301F-11D3-BF4B-00C04F79EFBC}") = "Inheritance", "Inheritance\Inheritance.csproj", "{DF007B2D-881C-423F-9553-3DDD3E896745}"
EndProject
Global
	GlobalSection(SolutionConfigurationPlatforms) = preSolution
		Debug|Any CPU = Debug|Any CPU
		Release|Any CPU = Release|Any CPU
	EndGlobalSection
	GlobalSection(ProjectConfigurationPlatforms) = postSolution
		{DF007B2D-881C-423F-9553-3DDD3E896745}.Debug|Any CPU.ActiveCfg = Debug|Any CPU
		{DF007B2D-881C-423F-9553-3DDD3E896745}.Debug|Any CPU.Build.0 = Debug|Any CPU
		{DF007B2D-881C-423F-9553-3DDD3E896745}.Release|Any CPU.ActiveCfg = Release|Any CPU
		{DF007B2D-881C-423F-9553-3DDD3E896745}.Release|Any CPU.Build.0 = Release|Any CPU
	EndGlobalSection
	GlobalSection(SolutionProperties) = preSolution
		HideSolutionNode = FALSE
	EndGlobalSection
	GlobalSection(ExtensibilityGlobals) = postSolution
		SolutionGuid = {FECE4A7E-7800-4273-ADB6-982D15AD1277}
	EndGlobalSection
EndGlobal
